
Microsoft Visual Studio Solution File, Format Version 12.00
Project("{FAE04EC0-301F-11D3-BF4B-00C04F79EFBC}") = "StructuresAndEnums", "StructuresAndEnums\StructuresAndEnums.csproj", "{BCEDED8D-A266-498D-86C9-2E9A3F51F088}"
EndProject
Global
	GlobalSection(SolutionConfigurationPlatforms) = preSolution
		Debug|Any CPU = Debug|Any CPU
		Release|Any CPU = Release|Any CPU
	EndGlobalSection
	GlobalSection(ProjectConfigurationPlatforms) = postSolution
		{BCEDED8D-A266-498D-86C9-2E9A3F51F088}.Debug|Any CPU.ActiveCfg = Debug|Any CPU
		{BCEDED8D-A266-498D-86C9-2E9A3F51F088}.Debug|Any CPU.Build.0 = Debug|Any CPU
		{BCEDED8D-A266-498D-86C9-2E9A3F51F088}.Release|Any CPU.ActiveCfg = Release|Any CPU
		{BCEDED8D-A266-498D-86C9-2E9A3F51F088}.Release|Any CPU.Build.0 = Release|Any CPU
	EndGlobalSection
EndGlobal
